<Solution>
  <Folder Name="/Solution Items/">
    <File Path=".editorconfig" />
  </Folder>
  <Project Path="aspire.payment.ApiService/aspire.payment.ApiService.csproj" />
  <Project Path="aspire.payment.AppHost/aspire.payment.AppHost.csproj" />
  <Project Path="aspire.payment.ServiceDefaults/aspire.payment.ServiceDefaults.csproj" />
  <Project Path="aspire.payment.Tests/aspire.payment.Tests.csproj" />
  <Project Path="aspire.payment.Web/aspire.payment.Web.csproj" />
  <Project Path="TechnologyOne/aspire.payment.TechnologyOne.csproj" />
</Solution>
